
Microsoft Visual Studio Solution File, Format Version 12.00
# Visual Studio Version 16
VisualStudioVersion = 16.0.30717.126
MinimumVisualStudioVersion = 10.0.40219.1
Project("{FAE04EC0-301F-11D3-BF4B-00C04F79EFBC}") = "OrkaMostar", "OrkaMostar\OrkaMostar.csproj", "{EEDB04B0-EBD3-4694-973A-5C3010589F98}"
EndProject
Global
	GlobalSection(SolutionConfigurationPlatforms) = preSolution
		Debug|Any CPU = Debug|Any CPU
		Release|Any CPU = Release|Any CPU
	EndGlobalSection
	GlobalSection(ProjectConfigurationPlatforms) = postSolution
		{EEDB04B0-EBD3-4694-973A-5C3010589F98}.Debug|Any CPU.ActiveCfg = Debug|Any CPU
		{EEDB04B0-EBD3-4694-973A-5C3010589F98}.Debug|Any CPU.Build.0 = Debug|Any CPU
		{EEDB04B0-EBD3-4694-973A-5C3010589F98}.Release|Any CPU.ActiveCfg = Release|Any CPU
		{EEDB04B0-EBD3-4694-973A-5C3010589F98}.Release|Any CPU.Build.0 = Release|Any CPU
	EndGlobalSection
	GlobalSection(SolutionProperties) = preSolution
		HideSolutionNode = FALSE
	EndGlobalSection
	GlobalSection(ExtensibilityGlobals) = postSolution
		SolutionGuid = {4BAE8CDD-1F65-4C7A-A8B2-927E1C118994}
	EndGlobalSection
EndGlobal
